
Microsoft Visual Studio Solution File, Format Version 12.00
# Visual Studio Version 16
VisualStudioVersion = 16.0.31005.135
MinimumVisualStudioVersion = 10.0.40219.1
Project("{FAE04EC0-301F-11D3-BF4B-00C04F79EFBC}") = "Calculo_IMC", "Calculo_IMC\Calculo_IMC.csproj", "{EDE0F7CE-2F2F-409A-BA07-152735DBFDB0}"
EndProject
Global
	GlobalSection(SolutionConfigurationPlatforms) = preSolution
		Debug|Any CPU = Debug|Any CPU
		Release|Any CPU = Release|Any CPU
	EndGlobalSection
	GlobalSection(ProjectConfigurationPlatforms) = postSolution
		{EDE0F7CE-2F2F-409A-BA07-152735DBFDB0}.Debug|Any CPU.ActiveCfg = Debug|Any CPU
		{EDE0F7CE-2F2F-409A-BA07-152735DBFDB0}.Debug|Any CPU.Build.0 = Debug|Any CPU
		{EDE0F7CE-2F2F-409A-BA07-152735DBFDB0}.Release|Any CPU.ActiveCfg = Release|Any CPU
		{EDE0F7CE-2F2F-409A-BA07-152735DBFDB0}.Release|Any CPU.Build.0 = Release|Any CPU
	EndGlobalSection
	GlobalSection(SolutionProperties) = preSolution
		HideSolutionNode = FALSE
	EndGlobalSection
	GlobalSection(ExtensibilityGlobals) = postSolution
		SolutionGuid = {F5D4234C-D608-4952-AAB8-0300D0B6C496}
	EndGlobalSection
EndGlobal
